// !$*UTF8*$!
{
	archiveVersion = 1;
	classes = {
	};
	objectVersion = 50;
	objects = {

/* Begin PBXBuildFile section */
		D8BAAA81252DA0CB001CA5A3 /* AppDelegate.swift in Sources */ = {isa = PBXBuildFile; fileRef = D8BAAA80252DA0CB001CA5A3 /* AppDelegate.swift */; };
		D8BAAA83252DA0CB001CA5A3 /* SceneDelegate.swift in Sources */ = {isa = PBXBuildFile; fileRef = D8BAAA82252DA0CB001CA5A3 /* SceneDelegate.swift */; };
		D8BAAA85252DA0CB001CA5A3 /* ViewController.swift in Sources */ = {isa = PBXBuildFile; fileRef = D8BAAA84252DA0CB001CA5A3 /* ViewController.swift */; };
		D8BAAA88252DA0CB001CA5A3 /* Main.storyboard in Resources */ = {isa = PBXBuildFile; fileRef = D8BAAA86252DA0CB001CA5A3 /* Main.storyboard */; };
		D8BAAA8A252DA0CC001CA5A3 /* Assets.xcassets in Resources */ = {isa = PBXBuildFile; fileRef = D8BAAA89252DA0CC001CA5A3 /* Assets.xcassets */; };
		D8BAAA8D252DA0CC001CA5A3 /* LaunchScreen.storyboard in Resources */ = {isa = PBXBuildFile; fileRef = D8BAAA8B252DA0CC001CA5A3 /* LaunchScreen.storyboard */; };
/* End PBXBuildFile section */

/* Begin PBXFileReference section */
		D8BAAA7D252DA0CB001CA5A3 /* hw4.app */ = {isa = PBXFileReference; explicitFileType = wrapper.application; includeInIndex = 0; path = hw4.app; sourceTree = BUILT_PRODUCTS_DIR; };
		D8BAAA80252DA0CB001CA5A3 /* AppDelegate.swift */ = {isa = PBXFileReference; lastKnownFileType = sourcecode.swift; path = AppDelegate.swift; sourceTree = "<group>"; };
		D8BAAA82252DA0CB001CA5A3 /* SceneDelegate.swift */ = {isa = PBXFileReference; lastKnownFileType = sourcecode.swift; path = SceneDelegate.swift; sourceTree = "<group>"; };
		D8BAAA84252DA0CB001CA5A3 /* ViewController.swift */ = {isa = PBXFileReference; lastKnownFileType = sourcecode.swift; path = ViewController.swift; sourceTree = "<group>"; };
		D8BAAA87252DA0CB001CA5A3 /* Base */ = {isa = PBXFileReference; lastKnownFileType = file.storyboard; name = Base; path = Base.lproj/Main.storyboard; sourceTree = "<group>"; };
		D8BAAA89252DA0CC001CA5A3 /* Assets.xcassets */ = {isa = PBXFileReference; lastKnownFileType = folder.assetcatalog; path = Assets.xcassets; sourceTree = "<group>"; };
		D8BAAA8C252DA0CC001CA5A3 /* Base */ = {isa = PBXFileReference; lastKnownFileType = file.storyboard; name = Base; path = Base.lproj/LaunchScreen.storyboard; sourceTree = "<group>"; };
		D8BAAA8E252DA0CC001CA5A3 /* Info.plist */ = {isa = PBXFileReference; lastKnownFileType = text.plist.xml; path = Info.plist; sourceTree = "<group>"; };
/* End PBXFileReference section */

/* Begin PBXFrameworksBuildPhase section */
		D8BAAA7A252DA0CB001CA5A3 /* Frameworks */ = {
			isa = PBXFrameworksBuildPhase;
			buildActionMask = 2147483647;
			files = (
			);
			runOnlyForDeploymentPostprocessing = 0;
		};
/* End PBXFrameworksBuildPhase section */

/* Begin PBXGroup section */
		D8BAAA74252DA0CB001CA5A3 = {
			isa = PBXGroup;
			children = (
				D8BAAA7F252DA0CB001CA5A3 /* hw4 */,
				D8BAAA7E252DA0CB001CA5A3 /* Products */,
			);
			sourceTree = "<group>";
		};
		D8BAAA7E252DA0CB001CA5A3 /* Products */ = {
			isa = PBXGroup;
			children = (
				D8BAAA7D252DA0CB001CA5A3 /* hw4.app */,
			);
			name = Products;
			sourceTree = "<group>";
		};
		D8BAAA7F252DA0CB001CA5A3 /* hw4 */ = {
			isa = PBXGroup;
			children = (
				D8BAAA80252DA0CB001CA5A3 /* AppDelegate.swift */,
				D8BAAA82252DA0CB001CA5A3 /* SceneDelegate.swift */,
				D8BAAA84252DA0CB001CA5A3 /* ViewController.swift */,
				D8BAAA86252DA0CB001CA5A3 /* Main.storyboard */,
				D8BAAA89252DA0CC001CA5A3 /* Assets.xcassets */,
				D8BAAA8B252DA0CC001CA5A3 /* LaunchScreen.storyboard */,
				D8BAAA8E252DA0CC001CA5A3 /* Info.plist */,
			);
			path = hw4;
			sourceTree = "<group>";
		};
/* End PBXGroup section */

/* Begin PBXNativeTarget section */
		D8BAAA7C252DA0CB001CA5A3 /* hw4 */ = {
			isa = PBXNativeTarget;
			buildConfigurationList = D8BAAA91252DA0CC001CA5A3 /* Build configuration list for PBXNativeTarget "hw4" */;
			buildPhases = (
				D8BAAA79252DA0CB001CA5A3 /* Sources */,
				D8BAAA7A252DA0CB001CA5A3 /* Frameworks */,
				D8BAAA7B252DA0CB001CA5A3 /* Resources */,
			);
			buildRules = (
			);
			dependencies = (
			);
			name = hw4;
			productName = hw4;
			productReference = D8BAAA7D252DA0CB001CA5A3 /* hw4.app */;
			productType = "com.apple.product-type.application";
		};
/* End PBXNativeTarget section */

/* Begin PBXProject section */
		D8BAAA75252DA0CB001CA5A3 /* Project object */ = {
			isa = PBXProject;
			attributes = {
				LastSwiftUpdateCheck = 1200;
				LastUpgradeCheck = 1200;
				TargetAttributes = {
					D8BAAA7C252DA0CB001CA5A3 = {
						CreatedOnToolsVersion = 12.0.1;
					};
				};
			};
			buildConfigurationList = D8BAAA78252DA0CB001CA5A3 /* Build configuration list for PBXProject "hw4" */;
			compatibilityVersion = "Xcode 9.3";
			developmentRegion = en;
			hasScannedForEncodings = 0;
			knownRegions = (
				en,
				Base,
			);
			mainGroup = D8BAAA74252DA0CB001CA5A3;
			productRefGroup = D8BAAA7E252DA0CB001CA5A3 /* Products */;
			projectDirPath = "";
			projectRoot = "";
			targets = (
				D8BAAA7C252DA0CB001CA5A3 /* hw4 */,
			);
		};
/* End PBXProject section */

/* Begin PBXResourcesBuildPhase section */
		D8BAAA7B252DA0CB001CA5A3 /* Resources */ = {
			isa = PBXResourcesBuildPhase;
			buildActionMask = 2147483647;
			files = (
				D8BAAA8D252DA0CC001CA5A3 /* LaunchScreen.storyboard in Resources */,
				D8BAAA8A252DA0CC001CA5A3 /* Assets.xcassets in Resources */,
				D8BAAA88252DA0CB001CA5A3 /* Main.storyboard in Resources */,
			);
			runOnlyForDeploymentPostprocessing = 0;
		};
/* End PBXResourcesBuildPhase section */

/* Begin PBXSourcesBuildPhase section */
		D8BAAA79252DA0CB001CA5A3 /* Sources */ = {
			isa = PBXSourcesBuildPhase;
			buildActionMask = 2147483647;
			files = (
				D8BAAA85252DA0CB001CA5A3 /* ViewController.swift in Sources */,
				D8BAAA81252DA0CB001CA5A3 /* AppDelegate.swift in Sources */,
				D8BAAA83252DA0CB001CA5A3 /* SceneDelegate.swift in Sources */,
			);
			runOnlyForDeploymentPostprocessing = 0;
		};
/* End PBXSourcesBuildPhase section */

/* Begin PBXVariantGroup section */
		D8BAAA86252DA0CB001CA5A3 /* Main.storyboard */ = {
			isa = PBXVariantGroup;
			children = (
				D8BAAA87252DA0CB001CA5A3 /* Base */,
			);
			name = Main.storyboard;
			sourceTree = "<group>";
		};
		D8BAAA8B252DA0CC001CA5A3 /* LaunchScreen.storyboard */ = {
			isa = PBXVariantGroup;
			children = (
				D8BAAA8C252DA0CC001CA5A3 /* Base */,
			);
			name = LaunchScreen.storyboard;
			sourceTree = "<group>";
		};
/* End PBXVariantGroup section */

/* Begin XCBuildConfiguration section */
		D8BAAA8F252DA0CC001CA5A3 /* Debug */ = {
			isa = XCBuildConfiguration;
			buildSettings = {
				ALWAYS_SEARCH_USER_PATHS = NO;
				CLANG_ANALYZER_NONNULL = YES;
				CLANG_ANALYZER_NUMBER_OBJECT_CONVERSION = YES_AGGRESSIVE;
				CLANG_CXX_LANGUAGE_STANDARD = "gnu++14";
				CLANG_CXX_LIBRARY = "libc++";
				CLANG_ENABLE_MODULES = YES;
				CLANG_ENABLE_OBJC_ARC = YES;
				CLANG_ENABLE_OBJC_WEAK = YES;
				CLANG_WARN_BLOCK_CAPTURE_AUTORELEASING = YES;
				CLANG_WARN_BOOL_CONVERSION = YES;
				CLANG_WARN_COMMA = YES;
				CLANG_WARN_CONSTANT_CONVERSION = YES;
				CLANG_WARN_DEPRECATED_OBJC_IMPLEMENTATIONS = YES;
				CLANG_WARN_DIRECT_OBJC_ISA_USAGE = YES_ERROR;
				CLANG_WARN_DOCUMENTATION_COMMENTS = YES;
				CLANG_WARN_EMPTY_BODY = YES;
				CLANG_WARN_ENUM_CONVERSION = YES;
				CLANG_WARN_INFINITE_RECURSION = YES;
				CLANG_WARN_INT_CONVERSION = YES;
				CLANG_WARN_NON_LITERAL_NULL_CONVERSION = YES;
				CLANG_WARN_OBJC_IMPLICIT_RETAIN_SELF = YES;
				CLANG_WARN_OBJC_LITERAL_CONVERSION = YES;
				CLANG_WARN_OBJC_ROOT_CLASS = YES_ERROR;
				CLANG_WARN_QUOTED_INCLUDE_IN_FRAMEWORK_HEADER = YES;
				CLANG_WARN_RANGE_LOOP_ANALYSIS = YES;
				CLANG_WARN_STRICT_PROTOTYPES = YES;
				CLANG_WARN_SUSPICIOUS_MOVE = YES;
				CLANG_WARN_UNGUARDED_AVAILABILITY = YES_AGGRESSIVE;
				CLANG_WARN_UNREACHABLE_CODE = YES;
				CLANG_WARN__DUPLICATE_METHOD_MATCH = YES;
				COPY_PHASE_STRIP = NO;
				DEBUG_INFORMATION_FORMAT = dwarf;
				ENABLE_STRICT_OBJC_MSGSEND = YES;
				ENABLE_TESTABILITY = YES;
				GCC_C_LANGUAGE_STANDARD = gnu11;
				GCC_DYNAMIC_NO_PIC = NO;
				GCC_NO_COMMON_BLOCKS = YES;
				GCC_OPTIMIZATION_LEVEL = 0;
				GCC_PREPROCESSOR_DEFINITIONS = (
					"DEBUG=1",
					"$(inherited)",
				);
				GCC_WARN_64_TO_32_BIT_CONVERSION = YES;
				GCC_WARN_ABOUT_RETURN_TYPE = YES_ERROR;
				GCC_WARN_UNDECLARED_SELECTOR = YES;
				GCC_WARN_UNINITIALIZED_AUTOS = YES_AGGRESSIVE;
				GCC_WARN_UNUSED_FUNCTION = YES;
				GCC_WARN_UNUSED_VARIABLE = YES;
				IPHONEOS_DEPLOYMENT_TARGET = 14.0;
				MTL_ENABLE_DEBUG_INFO = INCLUDE_SOURCE;
				MTL_FAST_MATH = YES;
				ONLY_ACTIVE_ARCH = YES;
				SDKROOT = iphoneos;
				SWIFT_ACTIVE_COMPILATION_CONDITIONS = DEBUG;
				SWIFT_OPTIMIZATION_LEVEL = "-Onone";
			};
			name = Debug;
		};
		D8BAAA90252DA0CC001CA5A3 /* Release */ = {
			isa = XCBuildConfiguration;
			buildSettings = {
				ALWAYS_SEARCH_USER_PATHS = NO;
				CLANG_ANALYZER_NONNULL = YES;
				CLANG_ANALYZER_NUMBER_OBJECT_CONVERSION = YES_AGGRESSIVE;
				CLANG_CXX_LANGUAGE_STANDARD = "gnu++14";
				CLANG_CXX_LIBRARY = "libc++";
				CLANG_ENABLE_MODULES = YES;
				CLANG_ENABLE_OBJC_ARC = YES;
				CLANG_ENABLE_OBJC_WEAK = YES;
				CLANG_WARN_BLOCK_CAPTURE_AUTORELEASING = YES;
				CLANG_WARN_BOOL_CONVERSION = YES;
				CLANG_WARN_COMMA = YES;
				CLANG_WARN_CONSTANT_CONVERSION = YES;
				CLANG_WARN_DEPRECATED_OBJC_IMPLEMENTATIONS = YES;
				CLANG_WARN_DIRECT_OBJC_ISA_USAGE = YES_ERROR;
				CLANG_WARN_DOCUMENTATION_COMMENTS = YES;
				CLANG_WARN_EMPTY_BODY = YES;
				CLANG_WARN_ENUM_CONVERSION = YES;
				CLANG_WARN_INFINITE_RECURSION = YES;
				CLANG_WARN_INT_CONVERSION = YES;
				CLANG_WARN_NON_LITERAL_NULL_CONVERSION = YES;
				CLANG_WARN_OBJC_IMPLICIT_RETAIN_SELF = YES;
				CLANG_WARN_OBJC_LITERAL_CONVERSION = YES;
				CLANG_WARN_OBJC_ROOT_CLASS = YES_ERROR;
				CLANG_WARN_QUOTED_INCLUDE_IN_FRAMEWORK_HEADER = YES;
				CLANG_WARN_RANGE_LOOP_ANALYSIS = YES;
				CLANG_WARN_STRICT_PROTOTYPES = YES;
				CLANG_WARN_SUSPICIOUS_MOVE = YES;
				CLANG_WARN_UNGUARDED_AVAILABILITY = YES_AGGRESSIVE;
				CLANG_WARN_UNREACHABLE_CODE = YES;
				CLANG_WARN__DUPLICATE_METHOD_MATCH = YES;
				COPY_PHASE_STRIP = NO;
				DEBUG_INFORMATION_FORMAT = "dwarf-with-dsym";
				ENABLE_NS_ASSERTIONS = NO;
				ENABLE_STRICT_OBJC_MSGSEND = YES;
				GCC_C_LANGUAGE_STANDARD = gnu11;
				GCC_NO_COMMON_BLOCKS = YES;
				GCC_WARN_64_TO_32_BIT_CONVERSION = YES;
				GCC_WARN_ABOUT_RETURN_TYPE = YES_ERROR;
				GCC_WARN_UNDECLARED_SELECTOR = YES;
				GCC_WARN_UNINITIALIZED_AUTOS = YES_AGGRESSIVE;
				GCC_WARN_UNUSED_FUNCTION = YES;
				GCC_WARN_UNUSED_VARIABLE = YES;
				IPHONEOS_DEPLOYMENT_TARGET = 14.0;
				MTL_ENABLE_DEBUG_INFO = NO;
				MTL_FAST_MATH = YES;
				SDKROOT = iphoneos;
				SWIFT_COMPILATION_MODE = wholemodule;
				SWIFT_OPTIMIZATION_LEVEL = "-O";
				VALIDATE_PRODUCT = YES;
			};
			name = Release;
		};
		D8BAAA92252DA0CC001CA5A3 /* Debug */ = {
			isa = XCBuildConfiguration;
			buildSettings = {
				ASSETCATALOG_COMPILER_APPICON_NAME = AppIcon;
				ASSETCATALOG_COMPILER_GLOBAL_ACCENT_COLOR_NAME = AccentColor;
				CODE_SIGN_STYLE = Automatic;
				DEVELOPMENT_TEAM = 4R44G8MC83;
				INFOPLIST_FILE = hw4/Info.plist;
				LD_RUNPATH_SEARCH_PATHS = (
					"$(inherited)",
					"@executable_path/Frameworks",
				);
				PRODUCT_BUNDLE_IDENTIFIER = com.kyivstar.hw4;
				PRODUCT_NAME = "$(TARGET_NAME)";
				SWIFT_VERSION = 5.0;
				TARGETED_DEVICE_FAMILY = "1,2";
			};
			name = Debug;
		};
		D8BAAA93252DA0CC001CA5A3 /* Release */ = {
			isa = XCBuildConfiguration;
			buildSettings = {
				ASSETCATALOG_COMPILER_APPICON_NAME = AppIcon;
				ASSETCATALOG_COMPILER_GLOBAL_ACCENT_COLOR_NAME = AccentColor;
				CODE_SIGN_STYLE = Automatic;
				DEVELOPMENT_TEAM = 4R44G8MC83;
				INFOPLIST_FILE = hw4/Info.plist;
				LD_RUNPATH_SEARCH_PATHS = (
					"$(inherited)",
					"@executable_path/Frameworks",
				);
				PRODUCT_BUNDLE_IDENTIFIER = com.kyivstar.hw4;
				PRODUCT_NAME = "$(TARGET_NAME)";
				SWIFT_VERSION = 5.0;
				TARGETED_DEVICE_FAMILY = "1,2";
			};
			name = Release;
		};
/* End XCBuildConfiguration section */

/* Begin XCConfigurationList section */
		D8BAAA78252DA0CB001CA5A3 /* Build configuration list for PBXProject "hw4" */ = {
			isa = XCConfigurationList;
			buildConfigurations = (
				D8BAAA8F252DA0CC001CA5A3 /* Debug */,
				D8BAAA90252DA0CC001CA5A3 /* Release */,
			);
			defaultConfigurationIsVisible = 0;
			defaultConfigurationName = Release;
		};
		D8BAAA91252DA0CC001CA5A3 /* Build configuration list for PBXNativeTarget "hw4" */ = {
			isa = XCConfigurationList;
			buildConfigurations = (
				D8BAAA92252DA0CC001CA5A3 /* Debug */,
				D8BAAA93252DA0CC001CA5A3 /* Release */,
			);
			defaultConfigurationIsVisible = 0;
			defaultConfigurationName = Release;
		};
/* End XCConfigurationList section */
	};
	rootObject = D8BAAA75252DA0CB001CA5A3 /* Project object */;
}
